
Microsoft Visual Studio Solution File, Format Version 12.00
# Visual Studio Version 17
VisualStudioVersion = 17.8.34330.188
MinimumVisualStudioVersion = 10.0.40219.1
Project("{2150E333-8FDC-42A3-9474-1A3956D46DE8}") = "Level0", "Level0", "{470A6DD7-AFBF-49E3-AFB0-5A18D944653E}"
EndProject
Project("{2150E333-8FDC-42A3-9474-1A3956D46DE8}") = "Level1", "Level1", "{47C1BC40-25E2-4855-9C19-863C739B683E}"
EndProject
Project("{2150E333-8FDC-42A3-9474-1A3956D46DE8}") = "Level2", "Level2", "{C4CA558D-24DA-47C2-B288-7F3F98DCD214}"
EndProject
Project("{2150E333-8FDC-42A3-9474-1A3956D46DE8}") = "Level3", "Level3", "{085199A1-6977-434A-BC10-BAF83E57A21C}"
EndProject
Project("{2150E333-8FDC-42A3-9474-1A3956D46DE8}") = "Level4", "Level4", "{98BB848D-80CB-4851-8FD8-DC0643ACC88C}"
EndProject
Project("{8BC9CEB8-8B4A-11D0-8D11-00A0C91BC942}") = "EngineBase", "EngineBase\EngineBase.vcxproj", "{5576D2FA-539A-465C-96ED-9B8A9E6F33CD}"
EndProject
Project("{8BC9CEB8-8B4A-11D0-8D11-00A0C91BC942}") = "EnginePlatform", "EnginePlatform\EnginePlatform.vcxproj", "{6C0CB523-74A3-4BEB-925D-C2FD5A7C389B}"
EndProject
Project("{8BC9CEB8-8B4A-11D0-8D11-00A0C91BC942}") = "EngineCore", "EngineCore\EngineCore.vcxproj", "{BD943D40-26DB-4BC2-8130-C4FC3554221B}"
EndProject
Project("{8BC9CEB8-8B4A-11D0-8D11-00A0C91BC942}") = "Helltaker_Contents", "Helltaker_Contents\Helltaker_Contents.vcxproj", "{6B7CFDB8-C65F-4334-9FBF-137E89566A38}"
EndProject
Project("{8BC9CEB8-8B4A-11D0-8D11-00A0C91BC942}") = "Helltaker", "Helltaker\Helltaker.vcxproj", "{287C1FFB-688F-43BD-8E0D-5B61F1DF8ECA}"
EndProject
Global
	GlobalSection(SolutionConfigurationPlatforms) = preSolution
		Debug|x64 = Debug|x64
		Debug|x86 = Debug|x86
		Release|x64 = Release|x64
		Release|x86 = Release|x86
	EndGlobalSection
	GlobalSection(ProjectConfigurationPlatforms) = postSolution
		{5576D2FA-539A-465C-96ED-9B8A9E6F33CD}.Debug|x64.ActiveCfg = Debug|x64
		{5576D2FA-539A-465C-96ED-9B8A9E6F33CD}.Debug|x64.Build.0 = Debug|x64
		{5576D2FA-539A-465C-96ED-9B8A9E6F33CD}.Debug|x86.ActiveCfg = Debug|Win32
		{5576D2FA-539A-465C-96ED-9B8A9E6F33CD}.Debug|x86.Build.0 = Debug|Win32
		{5576D2FA-539A-465C-96ED-9B8A9E6F33CD}.Release|x64.ActiveCfg = Release|x64
		{5576D2FA-539A-465C-96ED-9B8A9E6F33CD}.Release|x64.Build.0 = Release|x64
		{5576D2FA-539A-465C-96ED-9B8A9E6F33CD}.Release|x86.ActiveCfg = Release|Win32
		{5576D2FA-539A-465C-96ED-9B8A9E6F33CD}.Release|x86.Build.0 = Release|Win32
		{6C0CB523-74A3-4BEB-925D-C2FD5A7C389B}.Debug|x64.ActiveCfg = Debug|x64
		{6C0CB523-74A3-4BEB-925D-C2FD5A7C389B}.Debug|x64.Build.0 = Debug|x64
		{6C0CB523-74A3-4BEB-925D-C2FD5A7C389B}.Debug|x86.ActiveCfg = Debug|Win32
		{6C0CB523-74A3-4BEB-925D-C2FD5A7C389B}.Debug|x86.Build.0 = Debug|Win32
		{6C0CB523-74A3-4BEB-925D-C2FD5A7C389B}.Release|x64.ActiveCfg = Release|x64
		{6C0CB523-74A3-4BEB-925D-C2FD5A7C389B}.Release|x64.Build.0 = Release|x64
		{6C0CB523-74A3-4BEB-925D-C2FD5A7C389B}.Release|x86.ActiveCfg = Release|Win32
		{6C0CB523-74A3-4BEB-925D-C2FD5A7C389B}.Release|x86.Build.0 = Release|Win32
		{BD943D40-26DB-4BC2-8130-C4FC3554221B}.Debug|x64.ActiveCfg = Debug|x64
		{BD943D40-26DB-4BC2-8130-C4FC3554221B}.Debug|x64.Build.0 = Debug|x64
		{BD943D40-26DB-4BC2-8130-C4FC3554221B}.Debug|x86.ActiveCfg = Debug|Win32
		{BD943D40-26DB-4BC2-8130-C4FC3554221B}.Debug|x86.Build.0 = Debug|Win32
		{BD943D40-26DB-4BC2-8130-C4FC3554221B}.Release|x64.ActiveCfg = Release|x64
		{BD943D40-26DB-4BC2-8130-C4FC3554221B}.Release|x64.Build.0 = Release|x64
		{BD943D40-26DB-4BC2-8130-C4FC3554221B}.Release|x86.ActiveCfg = Release|Win32
		{BD943D40-26DB-4BC2-8130-C4FC3554221B}.Release|x86.Build.0 = Release|Win32
		{6B7CFDB8-C65F-4334-9FBF-137E89566A38}.Debug|x64.ActiveCfg = Debug|x64
		{6B7CFDB8-C65F-4334-9FBF-137E89566A38}.Debug|x64.Build.0 = Debug|x64
		{6B7CFDB8-C65F-4334-9FBF-137E89566A38}.Debug|x86.ActiveCfg = Debug|Win32
		{6B7CFDB8-C65F-4334-9FBF-137E89566A38}.Debug|x86.Build.0 = Debug|Win32
		{6B7CFDB8-C65F-4334-9FBF-137E89566A38}.Release|x64.ActiveCfg = Release|x64
		{6B7CFDB8-C65F-4334-9FBF-137E89566A38}.Release|x64.Build.0 = Release|x64
		{6B7CFDB8-C65F-4334-9FBF-137E89566A38}.Release|x86.ActiveCfg = Release|Win32
		{6B7CFDB8-C65F-4334-9FBF-137E89566A38}.Release|x86.Build.0 = Release|Win32
		{287C1FFB-688F-43BD-8E0D-5B61F1DF8ECA}.Debug|x64.ActiveCfg = Debug|x64
		{287C1FFB-688F-43BD-8E0D-5B61F1DF8ECA}.Debug|x64.Build.0 = Debug|x64
		{287C1FFB-688F-43BD-8E0D-5B61F1DF8ECA}.Debug|x86.ActiveCfg = Debug|Win32
		{287C1FFB-688F-43BD-8E0D-5B61F1DF8ECA}.Debug|x86.Build.0 = Debug|Win32
		{287C1FFB-688F-43BD-8E0D-5B61F1DF8ECA}.Release|x64.ActiveCfg = Release|x64
		{287C1FFB-688F-43BD-8E0D-5B61F1DF8ECA}.Release|x64.Build.0 = Release|x64
		{287C1FFB-688F-43BD-8E0D-5B61F1DF8ECA}.Release|x86.ActiveCfg = Release|Win32
		{287C1FFB-688F-43BD-8E0D-5B61F1DF8ECA}.Release|x86.Build.0 = Release|Win32
	EndGlobalSection
	GlobalSection(SolutionProperties) = preSolution
		HideSolutionNode = FALSE
	EndGlobalSection
	GlobalSection(NestedProjects) = preSolution
		{5576D2FA-539A-465C-96ED-9B8A9E6F33CD} = {470A6DD7-AFBF-49E3-AFB0-5A18D944653E}
		{6C0CB523-74A3-4BEB-925D-C2FD5A7C389B} = {47C1BC40-25E2-4855-9C19-863C739B683E}
		{BD943D40-26DB-4BC2-8130-C4FC3554221B} = {C4CA558D-24DA-47C2-B288-7F3F98DCD214}
		{6B7CFDB8-C65F-4334-9FBF-137E89566A38} = {085199A1-6977-434A-BC10-BAF83E57A21C}
		{287C1FFB-688F-43BD-8E0D-5B61F1DF8ECA} = {98BB848D-80CB-4851-8FD8-DC0643ACC88C}
	EndGlobalSection
	GlobalSection(ExtensibilityGlobals) = postSolution
		SolutionGuid = {848E18E8-D260-4D4E-BBFA-1D74F21C5966}
	EndGlobalSection
EndGlobal
