<?xml version="1.0" encoding="utf-8"?>
<Project ToolsVersion="4.0" xmlns="http://schemas.microsoft.com/developer/msbuild/2003">
  <ItemGroup>
    <ClInclude Include="Helltaker_ContentsCore.h">
      <Filter>Core</Filter>
    </ClInclude>
    <ClInclude Include="MoveActor.h">
      <Filter>Object\Actor\Base</Filter>
    </ClInclude>
    <ClInclude Include="BackGround.h">
      <Filter>Object\Actor</Filter>
    </ClInclude>
    <ClInclude Include="Hero.h">
      <Filter>Object\Actor\Chapter</Filter>
    </ClInclude>
    <ClInclude Include="Opening.h">
      <Filter>Object\Level</Filter>
    </ClInclude>
    <ClInclude Include="MainMenu.h">
      <Filter>Object\Level</Filter>
    </ClInclude>
    <ClInclude Include="UI.h">
      <Filter>Object\Actor</Filter>
    </ClInclude>
    <ClInclude Include="ChapterManager.h">
      <Filter>Manager</Filter>
    </ClInclude>
    <ClInclude Include="Character.h">
      <Filter>Object\Actor\Scene</Filter>
    </ClInclude>
    <ClInclude Include="RenderActor.h">
      <Filter>Object\Actor\Base</Filter>
    </ClInclude>
    <ClInclude Include="ContentsHelper.h">
      <Filter>Helper</Filter>
    </ClInclude>
    <ClInclude Include="Chapter1.h">
      <Filter>Object\Level\Chapter</Filter>
    </ClInclude>
    <ClInclude Include="Skeleton.h">
      <Filter>Object\Actor\Chapter</Filter>
    </ClInclude>
    <ClInclude Include="Chapter2.h">
      <Filter>Object\Level\Chapter</Filter>
    </ClInclude>
    <ClInclude Include="HitActor.h">
      <Filter>Object\Actor\Base</Filter>
    </ClInclude>
    <ClInclude Include="Stone.h">
      <Filter>Object\Actor\Chapter</Filter>
    </ClInclude>
    <ClInclude Include="Scene.h">
      <Filter>Object\Actor\Scene</Filter>
    </ClInclude>
    <ClInclude Include="Thorn.h">
      <Filter>Object\Actor\Chapter</Filter>
    </ClInclude>
    <ClInclude Include="Text.h">
      <Filter>Object\Actor</Filter>
    </ClInclude>
    <ClInclude Include="CutSceneManager.h">
      <Filter>Manager</Filter>
    </ClInclude>
    <ClInclude Include="Chapter3.h">
      <Filter>Object\Level\Chapter</Filter>
    </ClInclude>
    <ClInclude Include="KeyComponent.h">
      <Filter>Object\Actor\Chapter</Filter>
    </ClInclude>
    <ClInclude Include="Chapter4.h">
      <Filter>Object\Level\Chapter</Filter>
    </ClInclude>
    <ClInclude Include="Chapter5.h">
      <Filter>Object\Level\Chapter</Filter>
    </ClInclude>
    <ClInclude Include="Chapter6.h">
      <Filter>Object\Level\Chapter</Filter>
    </ClInclude>
    <ClInclude Include="Chapter7.h">
      <Filter>Object\Level\Chapter</Filter>
    </ClInclude>
    <ClInclude Include="Chapter8.h">
      <Filter>Object\Level\Chapter</Filter>
    </ClInclude>
    <ClInclude Include="Chapter9.h">
      <Filter>Object\Level\Chapter</Filter>
    </ClInclude>
    <ClInclude Include="HeroBase.h">
      <Filter>Object\Actor\Base</Filter>
    </ClInclude>
    <ClInclude Include="SinOpening.h">
      <Filter>Object\Level\Sin</Filter>
    </ClInclude>
    <ClInclude Include="Script.h">
      <Filter>Object\Level\Sin</Filter>
    </ClInclude>
    <ClInclude Include="SinChapterManager.h">
      <Filter>Manager</Filter>
    </ClInclude>
    <ClInclude Include="SinCutSceneManager.h">
      <Filter>Manager</Filter>
    </ClInclude>
    <ClInclude Include="SinChapter1.h">
      <Filter>Object\Level\Sin</Filter>
    </ClInclude>
    <ClInclude Include="Sin_Hero.h">
      <Filter>Object\Actor\Sin</Filter>
    </ClInclude>
    <ClInclude Include="SinMoveActor.h">
      <Filter>Object\Actor\Base</Filter>
    </ClInclude>
    <ClInclude Include="Bridge.h">
      <Filter>Object\Actor\Sin\MoveComponent</Filter>
    </ClInclude>
    <ClInclude Include="ChainLink.h">
      <Filter>Object\Actor\Sin\MoveComponent</Filter>
    </ClInclude>
    <ClInclude Include="Pit.h">
      <Filter>Object\Actor\Sin\MoveComponent</Filter>
    </ClInclude>
    <ClInclude Include="Sin_Thorn.h">
      <Filter>Object\Actor\Sin\MoveComponent</Filter>
    </ClInclude>
    <ClInclude Include="SmallChain.h">
      <Filter>Object\Actor\Sin\MoveComponent</Filter>
    </ClInclude>
    <ClInclude Include="Gear.h">
      <Filter>Object\Actor\Sin\Component</Filter>
    </ClInclude>
    <ClInclude Include="HeroLife.h">
      <Filter>Object\Actor\Sin\Component</Filter>
    </ClInclude>
    <ClInclude Include="HitChain.h">
      <Filter>Object\Actor\Sin\Component</Filter>
    </ClInclude>
    <ClInclude Include="Piston.h">
      <Filter>Object\Actor\Sin\Component</Filter>
    </ClInclude>
    <ClInclude Include="Shield.h">
      <Filter>Object\Actor\Sin\Component</Filter>
    </ClInclude>
    <ClInclude Include="Skull.h">
      <Filter>Object\Actor\Sin\Component</Filter>
    </ClInclude>
    <ClInclude Include="HitChainHp.h">
      <Filter>Object\Actor\Sin\Component</Filter>
    </ClInclude>
    <ClInclude Include="Demon.h">
      <Filter>Object\Actor\Chapter</Filter>
    </ClInclude>
    <ClInclude Include="Sin_Demon.h">
      <Filter>Object\Actor\Sin</Filter>
    </ClInclude>
    <ClInclude Include="Sin_Dialogue.h">
      <Filter>Object\Actor\Sin</Filter>
    </ClInclude>
  </ItemGroup>
  <ItemGroup>
    <ClCompile Include="Helltaker_ContentsCore.cpp">
      <Filter>Core</Filter>
    </ClCompile>
    <ClCompile Include="MoveActor.cpp">
      <Filter>Object\Actor\Base</Filter>
    </ClCompile>
    <ClCompile Include="BackGround.cpp">
      <Filter>Object\Actor</Filter>
    </ClCompile>
    <ClCompile Include="Hero.cpp">
      <Filter>Object\Actor\Chapter</Filter>
    </ClCompile>
    <ClCompile Include="Skeleton.cpp">
      <Filter>Object\Actor\Chapter</Filter>
    </ClCompile>
    <ClCompile Include="Opening.cpp">
      <Filter>Object\Level</Filter>
    </ClCompile>
    <ClCompile Include="MainMenu.cpp">
      <Filter>Object\Level</Filter>
    </ClCompile>
    <ClCompile Include="UI.cpp">
      <Filter>Object\Actor</Filter>
    </ClCompile>
    <ClCompile Include="ChapterManager.cpp">
      <Filter>Manager</Filter>
    </ClCompile>
    <ClCompile Include="Character.cpp">
      <Filter>Object\Actor\Scene</Filter>
    </ClCompile>
    <ClCompile Include="RenderActor.cpp">
      <Filter>Object\Actor\Base</Filter>
    </ClCompile>
    <ClCompile Include="ContentsHelper.cpp">
      <Filter>Helper</Filter>
    </ClCompile>
    <ClCompile Include="Chapter1.cpp">
      <Filter>Object\Level\Chapter</Filter>
    </ClCompile>
    <ClCompile Include="Chapter2.cpp">
      <Filter>Object\Level\Chapter</Filter>
    </ClCompile>
    <ClCompile Include="HitActor.cpp">
      <Filter>Object\Actor\Base</Filter>
    </ClCompile>
    <ClCompile Include="Stone.cpp">
      <Filter>Object\Actor\Chapter</Filter>
    </ClCompile>
    <ClCompile Include="Scene.cpp">
      <Filter>Object\Actor\Scene</Filter>
    </ClCompile>
    <ClCompile Include="Thorn.cpp">
      <Filter>Object\Actor\Chapter</Filter>
    </ClCompile>
    <ClCompile Include="Text.cpp">
      <Filter>Object\Actor</Filter>
    </ClCompile>
    <ClCompile Include="CutSceneManager.cpp">
      <Filter>Manager</Filter>
    </ClCompile>
    <ClCompile Include="Chapter3.cpp">
      <Filter>Object\Level\Chapter</Filter>
    </ClCompile>
    <ClCompile Include="KeyComponent.cpp">
      <Filter>Object\Actor\Chapter</Filter>
    </ClCompile>
    <ClCompile Include="Chapter4.cpp">
      <Filter>Object\Level\Chapter</Filter>
    </ClCompile>
    <ClCompile Include="Chapter5.cpp">
      <Filter>Object\Level\Chapter</Filter>
    </ClCompile>
    <ClCompile Include="Chapter6.cpp">
      <Filter>Object\Level\Chapter</Filter>
    </ClCompile>
    <ClCompile Include="Chapter7.cpp">
      <Filter>Object\Level\Chapter</Filter>
    </ClCompile>
    <ClCompile Include="Chapter8.cpp">
      <Filter>Object\Level\Chapter</Filter>
    </ClCompile>
    <ClCompile Include="Chapter9.cpp">
      <Filter>Object\Level\Chapter</Filter>
    </ClCompile>
    <ClCompile Include="HeroBase.cpp">
      <Filter>Object\Actor\Base</Filter>
    </ClCompile>
    <ClCompile Include="SinOpening.cpp">
      <Filter>Object\Level\Sin</Filter>
    </ClCompile>
    <ClCompile Include="SinChapterManager.cpp">
      <Filter>Manager</Filter>
    </ClCompile>
    <ClCompile Include="SinCutSceneManager.cpp">
      <Filter>Manager</Filter>
    </ClCompile>
    <ClCompile Include="SinChapter1.cpp">
      <Filter>Object\Level\Sin</Filter>
    </ClCompile>
    <ClCompile Include="Sin_Hero.cpp">
      <Filter>Object\Actor\Sin</Filter>
    </ClCompile>
    <ClCompile Include="SinMoveActor.cpp">
      <Filter>Object\Actor\Base</Filter>
    </ClCompile>
    <ClCompile Include="Bridge.cpp">
      <Filter>Object\Actor\Sin\MoveComponent</Filter>
    </ClCompile>
    <ClCompile Include="ChainLink.cpp">
      <Filter>Object\Actor\Sin\MoveComponent</Filter>
    </ClCompile>
    <ClCompile Include="Pit.cpp">
      <Filter>Object\Actor\Sin\MoveComponent</Filter>
    </ClCompile>
    <ClCompile Include="Sin_Thorn.cpp">
      <Filter>Object\Actor\Sin\MoveComponent</Filter>
    </ClCompile>
    <ClCompile Include="SmallChain.cpp">
      <Filter>Object\Actor\Sin\MoveComponent</Filter>
    </ClCompile>
    <ClCompile Include="Gear.cpp">
      <Filter>Object\Actor\Sin\Component</Filter>
    </ClCompile>
    <ClCompile Include="HeroLife.cpp">
      <Filter>Object\Actor\Sin\Component</Filter>
    </ClCompile>
    <ClCompile Include="HitChain.cpp">
      <Filter>Object\Actor\Sin\Component</Filter>
    </ClCompile>
    <ClCompile Include="Piston.cpp">
      <Filter>Object\Actor\Sin\Component</Filter>
    </ClCompile>
    <ClCompile Include="Shield.cpp">
      <Filter>Object\Actor\Sin\Component</Filter>
    </ClCompile>
    <ClCompile Include="Skull.cpp">
      <Filter>Object\Actor\Sin\Component</Filter>
    </ClCompile>
    <ClCompile Include="HitChainHp.cpp">
      <Filter>Object\Actor\Sin\Component</Filter>
    </ClCompile>
    <ClCompile Include="Demon.cpp">
      <Filter>Object\Actor\Chapter</Filter>
    </ClCompile>
    <ClCompile Include="Sin_Demon.cpp">
      <Filter>Object\Actor\Sin</Filter>
    </ClCompile>
    <ClCompile Include="Sin_Dialogue.cpp">
      <Filter>Object\Actor\Sin</Filter>
    </ClCompile>
  </ItemGroup>
  <ItemGroup>
    <Filter Include="Manager">
      <UniqueIdentifier>{f6910b19-70f9-4ad9-9538-27482e094d57}</UniqueIdentifier>
    </Filter>
    <Filter Include="Core">
      <UniqueIdentifier>{dd7b7d82-b844-41e3-a274-6ae871aefd92}</UniqueIdentifier>
    </Filter>
    <Filter Include="Object">
      <UniqueIdentifier>{0abe4130-4163-4122-8465-be5477d13de2}</UniqueIdentifier>
    </Filter>
    <Filter Include="Object\Level">
      <UniqueIdentifier>{eb463eb0-dbc1-46ff-b3cd-e63c67538331}</UniqueIdentifier>
    </Filter>
    <Filter Include="Object\Actor">
      <UniqueIdentifier>{6e639a67-4bf7-4c56-a8f5-dd3ab1049bdc}</UniqueIdentifier>
    </Filter>
    <Filter Include="Object\Actor\Base">
      <UniqueIdentifier>{99323e89-623e-4460-9a94-f1b48814b652}</UniqueIdentifier>
    </Filter>
    <Filter Include="Object\Actor\Chapter">
      <UniqueIdentifier>{e918e078-0f05-410e-9ed0-0e5d01b8b432}</UniqueIdentifier>
    </Filter>
    <Filter Include="Helper">
      <UniqueIdentifier>{6f6ea805-b8df-4fcb-89ed-8f994f6ba9dd}</UniqueIdentifier>
    </Filter>
    <Filter Include="Object\Level\Chapter">
      <UniqueIdentifier>{b363d3ad-139f-42d8-ae00-9381d4cde6f2}</UniqueIdentifier>
    </Filter>
    <Filter Include="Object\Actor\Scene">
      <UniqueIdentifier>{f6d60d8f-f757-4b67-836c-cf199e530f42}</UniqueIdentifier>
    </Filter>
    <Filter Include="Object\Level\Sin">
      <UniqueIdentifier>{0d749ca9-b980-40c0-b14e-c1c8e6749f4c}</UniqueIdentifier>
    </Filter>
    <Filter Include="Object\Actor\Sin">
      <UniqueIdentifier>{d89c5fa3-005a-4654-8f69-a32c510c86da}</UniqueIdentifier>
    </Filter>
    <Filter Include="Object\Actor\Sin\MoveComponent">
      <UniqueIdentifier>{5465f5f1-3a48-4c53-b126-c8b866da6758}</UniqueIdentifier>
    </Filter>
    <Filter Include="Object\Actor\Sin\Component">
      <UniqueIdentifier>{157a171b-bb7d-4a6d-8814-ddff1873977d}</UniqueIdentifier>
    </Filter>
  </ItemGroup>
</Project>